# @generated by Move, please check-in and do not edit manually.

[move]
version = 1
manifest_digest = "6189674BCE18106B9E26D2CDECFC72F0135C0A17CCA525174839469401E32637"
deps_digest = "HF94H849484Y4837549567R5F277A4F3574266507ACD772146574GFE8W2F4F4F"
dependencies = [
  { name = "Sui" },
]

[[move.package]]
name = "MoveStdlib"
source = { git = "https://github.com/MystenLabs/sui.git", rev = "framework/devnet", subdir = "crates/sui-framework/packages/move-stdlib" }

[[move.package]]
name = "Sui"
source = { git = "https://github.com/MystenLabs/sui.git", rev = "framework/devnet", subdir = "crates/sui-framework/packages/sui-framework" }

dependencies = [
  { name = "MoveStdlib" },
]
